
Microsoft Visual Studio Solution File, Format Version 12.00
# Visual Studio Version 16
VisualStudioVersion = 16.0.28803.452
MinimumVisualStudioVersion = 10.0.40219.1
Project("{FAE04EC0-301F-11D3-BF4B-00C04F79EFBC}") = "ProjAvrora", "ProjAvrora\ProjAvrora.csproj", "{EA243772-8EFF-43D7-9195-21250D61393E}"
EndProject
Global
	GlobalSection(SolutionConfigurationPlatforms) = preSolution
		Debug|Any CPU = Debug|Any CPU
		Release|Any CPU = Release|Any CPU
	EndGlobalSection
	GlobalSection(ProjectConfigurationPlatforms) = postSolution
		{EA243772-8EFF-43D7-9195-21250D61393E}.Debug|Any CPU.ActiveCfg = Debug|Any CPU
		{EA243772-8EFF-43D7-9195-21250D61393E}.Debug|Any CPU.Build.0 = Debug|Any CPU
		{EA243772-8EFF-43D7-9195-21250D61393E}.Release|Any CPU.ActiveCfg = Release|Any CPU
		{EA243772-8EFF-43D7-9195-21250D61393E}.Release|Any CPU.Build.0 = Release|Any CPU
	EndGlobalSection
	GlobalSection(SolutionProperties) = preSolution
		HideSolutionNode = FALSE
	EndGlobalSection
	GlobalSection(ExtensibilityGlobals) = postSolution
		SolutionGuid = {9453CFDE-791C-4434-B378-95FD309FDBCB}
	EndGlobalSection
EndGlobal
